
Microsoft Visual Studio Solution File, Format Version 12.00
# Visual Studio 15
VisualStudioVersion = 15.0.26124.0
MinimumVisualStudioVersion = 15.0.26124.0
Project("{F2A71F9B-5D33-465A-A702-920D77279786}") = "src", "src\src.fsproj", "{B7BE867F-7592-4575-9011-81197079A2B5}"
EndProject
Project("{F2A71F9B-5D33-465A-A702-920D77279786}") = "tests", "tests\tests.fsproj", "{C3EA126C-0A3E-478D-9EDC-BE0CF472EEBB}"
EndProject
Global
	GlobalSection(SolutionConfigurationPlatforms) = preSolution
		Debug|Any CPU = Debug|Any CPU
		Debug|x64 = Debug|x64
		Debug|x86 = Debug|x86
		Release|Any CPU = Release|Any CPU
		Release|x64 = Release|x64
		Release|x86 = Release|x86
	EndGlobalSection
	GlobalSection(SolutionProperties) = preSolution
		HideSolutionNode = FALSE
	EndGlobalSection
	GlobalSection(ProjectConfigurationPlatforms) = postSolution
		{B7BE867F-7592-4575-9011-81197079A2B5}.Debug|Any CPU.ActiveCfg = Debug|Any CPU
		{B7BE867F-7592-4575-9011-81197079A2B5}.Debug|Any CPU.Build.0 = Debug|Any CPU
		{B7BE867F-7592-4575-9011-81197079A2B5}.Debug|x64.ActiveCfg = Debug|Any CPU
		{B7BE867F-7592-4575-9011-81197079A2B5}.Debug|x64.Build.0 = Debug|Any CPU
		{B7BE867F-7592-4575-9011-81197079A2B5}.Debug|x86.ActiveCfg = Debug|Any CPU
		{B7BE867F-7592-4575-9011-81197079A2B5}.Debug|x86.Build.0 = Debug|Any CPU
		{B7BE867F-7592-4575-9011-81197079A2B5}.Release|Any CPU.ActiveCfg = Release|Any CPU
		{B7BE867F-7592-4575-9011-81197079A2B5}.Release|Any CPU.Build.0 = Release|Any CPU
		{B7BE867F-7592-4575-9011-81197079A2B5}.Release|x64.ActiveCfg = Release|Any CPU
		{B7BE867F-7592-4575-9011-81197079A2B5}.Release|x64.Build.0 = Release|Any CPU
		{B7BE867F-7592-4575-9011-81197079A2B5}.Release|x86.ActiveCfg = Release|Any CPU
		{B7BE867F-7592-4575-9011-81197079A2B5}.Release|x86.Build.0 = Release|Any CPU
		{C3EA126C-0A3E-478D-9EDC-BE0CF472EEBB}.Debug|Any CPU.ActiveCfg = Debug|Any CPU
		{C3EA126C-0A3E-478D-9EDC-BE0CF472EEBB}.Debug|Any CPU.Build.0 = Debug|Any CPU
		{C3EA126C-0A3E-478D-9EDC-BE0CF472EEBB}.Debug|x64.ActiveCfg = Debug|Any CPU
		{C3EA126C-0A3E-478D-9EDC-BE0CF472EEBB}.Debug|x64.Build.0 = Debug|Any CPU
		{C3EA126C-0A3E-478D-9EDC-BE0CF472EEBB}.Debug|x86.ActiveCfg = Debug|Any CPU
		{C3EA126C-0A3E-478D-9EDC-BE0CF472EEBB}.Debug|x86.Build.0 = Debug|Any CPU
		{C3EA126C-0A3E-478D-9EDC-BE0CF472EEBB}.Release|Any CPU.ActiveCfg = Release|Any CPU
		{C3EA126C-0A3E-478D-9EDC-BE0CF472EEBB}.Release|Any CPU.Build.0 = Release|Any CPU
		{C3EA126C-0A3E-478D-9EDC-BE0CF472EEBB}.Release|x64.ActiveCfg = Release|Any CPU
		{C3EA126C-0A3E-478D-9EDC-BE0CF472EEBB}.Release|x64.Build.0 = Release|Any CPU
		{C3EA126C-0A3E-478D-9EDC-BE0CF472EEBB}.Release|x86.ActiveCfg = Release|Any CPU
		{C3EA126C-0A3E-478D-9EDC-BE0CF472EEBB}.Release|x86.Build.0 = Release|Any CPU
	EndGlobalSection
EndGlobal
